
Microsoft Visual Studio Solution File, Format Version 12.00
# Visual Studio Version 16
VisualStudioVersion = 16.0.30907.101
MinimumVisualStudioVersion = 10.0.40219.1
Project("{FAE04EC0-301F-11D3-BF4B-00C04F79EFBC}") = "BookShop.Bll", "BookShop.Bll\BookShop.Bll.csproj", "{70446EB5-E3A5-4D0A-ABAB-E4B97FCAB1EF}"
EndProject
Project("{FAE04EC0-301F-11D3-BF4B-00C04F79EFBC}") = "BookShop.App.Cmd", "BookShop.App.Cmd\BookShop.App.Cmd.csproj", "{D46FBFBC-DD29-4429-9D32-149381CD62CA}"
EndProject
Project("{FAE04EC0-301F-11D3-BF4B-00C04F79EFBC}") = "BookShop.Data.Memory", "BookShop.Data.Memory\BookShop.Data.Memory.csproj", "{4C7BB486-096E-4702-B401-97403B7197D0}"
EndProject
Global
	GlobalSection(SolutionConfigurationPlatforms) = preSolution
		Debug|Any CPU = Debug|Any CPU
		Release|Any CPU = Release|Any CPU
	EndGlobalSection
	GlobalSection(ProjectConfigurationPlatforms) = postSolution
		{70446EB5-E3A5-4D0A-ABAB-E4B97FCAB1EF}.Debug|Any CPU.ActiveCfg = Debug|Any CPU
		{70446EB5-E3A5-4D0A-ABAB-E4B97FCAB1EF}.Debug|Any CPU.Build.0 = Debug|Any CPU
		{70446EB5-E3A5-4D0A-ABAB-E4B97FCAB1EF}.Release|Any CPU.ActiveCfg = Release|Any CPU
		{70446EB5-E3A5-4D0A-ABAB-E4B97FCAB1EF}.Release|Any CPU.Build.0 = Release|Any CPU
		{D46FBFBC-DD29-4429-9D32-149381CD62CA}.Debug|Any CPU.ActiveCfg = Debug|Any CPU
		{D46FBFBC-DD29-4429-9D32-149381CD62CA}.Debug|Any CPU.Build.0 = Debug|Any CPU
		{D46FBFBC-DD29-4429-9D32-149381CD62CA}.Release|Any CPU.ActiveCfg = Release|Any CPU
		{D46FBFBC-DD29-4429-9D32-149381CD62CA}.Release|Any CPU.Build.0 = Release|Any CPU
		{4C7BB486-096E-4702-B401-97403B7197D0}.Debug|Any CPU.ActiveCfg = Debug|Any CPU
		{4C7BB486-096E-4702-B401-97403B7197D0}.Debug|Any CPU.Build.0 = Debug|Any CPU
		{4C7BB486-096E-4702-B401-97403B7197D0}.Release|Any CPU.ActiveCfg = Release|Any CPU
		{4C7BB486-096E-4702-B401-97403B7197D0}.Release|Any CPU.Build.0 = Release|Any CPU
	EndGlobalSection
	GlobalSection(SolutionProperties) = preSolution
		HideSolutionNode = FALSE
	EndGlobalSection
	GlobalSection(ExtensibilityGlobals) = postSolution
		SolutionGuid = {8ABE0C73-6566-488B-949D-7CB6673D752A}
	EndGlobalSection
EndGlobal
